{
  "nodes": {
    "emacs-src": {
      "flake": false,
      "locked": {
        "lastModified": 1639590829,
        "narHash": "sha256-JosBr3cYKdLge7hDHYn+en652uB/ugr2tyUjm48Vupg=",
        "owner": "emacs-mirror",
        "repo": "emacs",
        "rev": "1e578267fb19208504d28253e0c892ceb9a34fb4",
        "type": "github"
      },
      "original": {
        "owner": "emacs-mirror",
        "ref": "emacs-28",
        "repo": "emacs",
        "type": "github"
      }
    },
    "emacs-vterm-src": {
      "flake": false,
      "locked": {
        "lastModified": 1639011490,
        "narHash": "sha256-egN9sRWxUN99ExmO8ZWhYV43x0U2EUlnFAElIP3BAlc=",
        "owner": "akermu",
        "repo": "emacs-libvterm",
        "rev": "ed6e867cfab77c5a311a516d20af44f57526cfdc",
        "type": "github"
      },
      "original": {
        "owner": "akermu",
        "repo": "emacs-libvterm",
        "type": "github"
      }
    },
    "nixpkgs": {
      "locked": {
        "lastModified": 1639713555,
        "narHash": "sha256-w1TacWjnqhC19n+rheyOif3JxwvWMbyxfgqYCY0FLdQ=",
        "owner": "nixos",
        "repo": "nixpkgs",
        "rev": "45a3f9d7725c7e21b252c223676cc56fb2ed5d6d",
        "type": "github"
      },
      "original": {
        "owner": "nixos",
        "ref": "nixpkgs-unstable",
        "repo": "nixpkgs",
        "type": "github"
      }
    },
    "root": {
      "inputs": {
        "emacs-src": "emacs-src",
        "emacs-vterm-src": "emacs-vterm-src",
        "nixpkgs": "nixpkgs"
      }
    }
  },
  "root": "root",
  "version": 7
}
