{
  "nodes": {
    "emacs-src": {
      "flake": false,
      "locked": {
        "lastModified": 1639063564,
        "narHash": "sha256-NTxzOmFRfv1Uuv4RhnMXzF6P0Uy7ZQXVNtOUjjVRI78=",
        "owner": "emacs-mirror",
        "repo": "emacs",
        "rev": "26fb4168b884eeb910580c42e87efb73399019c9",
        "type": "github"
      },
      "original": {
        "owner": "emacs-mirror",
        "ref": "emacs-28",
        "repo": "emacs",
        "type": "github"
      }
    },
    "emacs-vterm-src": {
      "flake": false,
      "locked": {
        "lastModified": 1639011490,
        "narHash": "sha256-egN9sRWxUN99ExmO8ZWhYV43x0U2EUlnFAElIP3BAlc=",
        "owner": "akermu",
        "repo": "emacs-libvterm",
        "rev": "ed6e867cfab77c5a311a516d20af44f57526cfdc",
        "type": "github"
      },
      "original": {
        "owner": "akermu",
        "repo": "emacs-libvterm",
        "type": "github"
      }
    },
    "nixpkgs": {
      "locked": {
        "lastModified": 1638910453,
        "narHash": "sha256-fofA4tsAAdNgE+9Py0VsVbyX2ZQkgV+CVqQKGBA/dLE=",
        "owner": "nixos",
        "repo": "nixpkgs",
        "rev": "f225322e3bea8638304adfcf415cd11de99f2208",
        "type": "github"
      },
      "original": {
        "owner": "nixos",
        "ref": "nixpkgs-unstable",
        "repo": "nixpkgs",
        "type": "github"
      }
    },
    "root": {
      "inputs": {
        "emacs-src": "emacs-src",
        "emacs-vterm-src": "emacs-vterm-src",
        "nixpkgs": "nixpkgs"
      }
    }
  },
  "root": "root",
  "version": 7
}
